
Microsoft Visual Studio Solution File, Format Version 12.00
# Visual Studio Version 16
VisualStudioVersion = 16.0.31911.196
MinimumVisualStudioVersion = 10.0.40219.1
Project("{9A19103F-16F7-4668-BE54-9A1E7A4F7556}") = "HouseholdBudgetPlanner", "HouseholdBudgetPlanner\HouseholdBudgetPlanner.csproj", "{2CADCEB2-EF8D-4A5D-8A08-E2318EC53A00}"
EndProject
Project("{9A19103F-16F7-4668-BE54-9A1E7A4F7556}") = "HouseholdBudgetPlanner.App", "HouseholdBudgetPlanner.App\HouseholdBudgetPlanner.App.csproj", "{40ED3AD6-BDBC-4F25-8B91-B9F2FDDCE75A}"
EndProject
Project("{9A19103F-16F7-4668-BE54-9A1E7A4F7556}") = "HouseholdBudgetPlanner.Domain", "HouseholdBudgetPlanner.Domain\HouseholdBudgetPlanner.Domain.csproj", "{036EAF1C-935F-4930-80AC-B920B4B8DB05}"
EndProject
Project("{FAE04EC0-301F-11D3-BF4B-00C04F79EFBC}") = "HouseholdBudgetPlanner.Tests", "HouseholdBudgetPlanner.Tests\HouseholdBudgetPlanner.Tests.csproj", "{5ADD7C66-648C-487F-AF21-D313B4D8B326}"
EndProject
Global
	GlobalSection(SolutionConfigurationPlatforms) = preSolution
		Debug|Any CPU = Debug|Any CPU
		Release|Any CPU = Release|Any CPU
	EndGlobalSection
	GlobalSection(ProjectConfigurationPlatforms) = postSolution
		{2CADCEB2-EF8D-4A5D-8A08-E2318EC53A00}.Debug|Any CPU.ActiveCfg = Debug|Any CPU
		{2CADCEB2-EF8D-4A5D-8A08-E2318EC53A00}.Debug|Any CPU.Build.0 = Debug|Any CPU
		{2CADCEB2-EF8D-4A5D-8A08-E2318EC53A00}.Release|Any CPU.ActiveCfg = Release|Any CPU
		{2CADCEB2-EF8D-4A5D-8A08-E2318EC53A00}.Release|Any CPU.Build.0 = Release|Any CPU
		{40ED3AD6-BDBC-4F25-8B91-B9F2FDDCE75A}.Debug|Any CPU.ActiveCfg = Debug|Any CPU
		{40ED3AD6-BDBC-4F25-8B91-B9F2FDDCE75A}.Debug|Any CPU.Build.0 = Debug|Any CPU
		{40ED3AD6-BDBC-4F25-8B91-B9F2FDDCE75A}.Release|Any CPU.ActiveCfg = Release|Any CPU
		{40ED3AD6-BDBC-4F25-8B91-B9F2FDDCE75A}.Release|Any CPU.Build.0 = Release|Any CPU
		{036EAF1C-935F-4930-80AC-B920B4B8DB05}.Debug|Any CPU.ActiveCfg = Debug|Any CPU
		{036EAF1C-935F-4930-80AC-B920B4B8DB05}.Debug|Any CPU.Build.0 = Debug|Any CPU
		{036EAF1C-935F-4930-80AC-B920B4B8DB05}.Release|Any CPU.ActiveCfg = Release|Any CPU
		{036EAF1C-935F-4930-80AC-B920B4B8DB05}.Release|Any CPU.Build.0 = Release|Any CPU
		{5ADD7C66-648C-487F-AF21-D313B4D8B326}.Debug|Any CPU.ActiveCfg = Debug|Any CPU
		{5ADD7C66-648C-487F-AF21-D313B4D8B326}.Debug|Any CPU.Build.0 = Debug|Any CPU
		{5ADD7C66-648C-487F-AF21-D313B4D8B326}.Release|Any CPU.ActiveCfg = Release|Any CPU
		{5ADD7C66-648C-487F-AF21-D313B4D8B326}.Release|Any CPU.Build.0 = Release|Any CPU
	EndGlobalSection
	GlobalSection(SolutionProperties) = preSolution
		HideSolutionNode = FALSE
	EndGlobalSection
	GlobalSection(ExtensibilityGlobals) = postSolution
		SolutionGuid = {8C590EC5-41BB-41EC-AE70-18C01AD29C23}
	EndGlobalSection
EndGlobal
