
Microsoft Visual Studio Solution File, Format Version 12.00
# Visual Studio Version 16
VisualStudioVersion = 16.0.31911.196
MinimumVisualStudioVersion = 10.0.40219.1
Project("{FAE04EC0-301F-11D3-BF4B-00C04F79EFBC}") = "HouseholdBudgetPlanner", "HouseholdBudgetPlanner\HouseholdBudgetPlanner.csproj", "{2CADCEB2-EF8D-4A5D-8A08-E2318EC53A00}"
EndProject
Global
	GlobalSection(SolutionConfigurationPlatforms) = preSolution
		Debug|Any CPU = Debug|Any CPU
		Release|Any CPU = Release|Any CPU
	EndGlobalSection
	GlobalSection(ProjectConfigurationPlatforms) = postSolution
		{2CADCEB2-EF8D-4A5D-8A08-E2318EC53A00}.Debug|Any CPU.ActiveCfg = Debug|Any CPU
		{2CADCEB2-EF8D-4A5D-8A08-E2318EC53A00}.Debug|Any CPU.Build.0 = Debug|Any CPU
		{2CADCEB2-EF8D-4A5D-8A08-E2318EC53A00}.Release|Any CPU.ActiveCfg = Release|Any CPU
		{2CADCEB2-EF8D-4A5D-8A08-E2318EC53A00}.Release|Any CPU.Build.0 = Release|Any CPU
	EndGlobalSection
	GlobalSection(SolutionProperties) = preSolution
		HideSolutionNode = FALSE
	EndGlobalSection
	GlobalSection(ExtensibilityGlobals) = postSolution
		SolutionGuid = {8C590EC5-41BB-41EC-AE70-18C01AD29C23}
	EndGlobalSection
EndGlobal
